# This file is autogenerated, do not edit; changes may be undone by the next 'dep ensure'.


[[projects]]
  digest = "1:a54dc69ec3668e0e57ad159a0a8c0ce1ec571174bb4eb6b3915833a8c21d40f3"
  name = "github.com/container-storage-interface/spec"
  packages = ["lib/go/csi/v0"]
  pruneopts = "UT"
  revision = "2178fdeea87f1150a17a63252eee28d4d8141f72"
  version = "v0.3.0"

[[projects]]
  branch = "master"
  digest = "1:1ba1d79f2810270045c328ae5d674321db34e3aae468eb4233883b473c5c0467"
  name = "github.com/golang/glog"
  packages = ["."]
  pruneopts = "UT"
  revision = "23def4e6c14b4da8ac2ed8007337bc5eb5007998"

[[projects]]
  digest = "1:8f0705fa33e8957018611cc81c65cb373b626c092d39931bb86882489fc4c3f4"
  name = "github.com/golang/protobuf"
  packages = [
    "proto",
    "ptypes",
    "ptypes/any",
    "ptypes/duration",
    "ptypes/timestamp",
    "ptypes/wrappers",
  ]
  pruneopts = "UT"
  revision = "aa810b61a9c79d51363740d207bb46cf8e620ed5"
  version = "v1.2.0"

[[projects]]
  digest = "1:3a26588bc48b96825977c1b3df964f8fd842cd6860cc26370588d3563433cf11"
  name = "github.com/google/uuid"
  packages = ["."]
  pruneopts = "UT"
  revision = "d460ce9f8df2e77fb1ba55ca87fafed96c607494"
  version = "v1.0.0"

[[projects]]
  digest = "1:e5d0bd87abc2781d14e274807a470acd180f0499f8bf5bb18606e9ec22ad9de9"
  name = "github.com/pborman/uuid"
  packages = ["."]
  pruneopts = "UT"
  revision = "adf5a7427709b9deb95d29d3fa8a2bf9cfd388f1"
  version = "v1.2"

[[projects]]
  branch = "master"
  digest = "1:62e564791ff88757338791547f76d8dbf8467c37a8572d75621aced964e83c3a"
  name = "github.ibm.com/FSaaS/FSaaS"
  packages = [
    "k8storage/csi/pkg/gpfs",
    "k8storage/helloworld",
    "k8storage/pkg/api",
    "k8storage/pkg/gpfs",
    "k8storage/pkg/settings",
  ]
  pruneopts = "UT"
  revision = "d9e6fa5cd5314368fa97622aa33d14b486594bed"

[[projects]]
  branch = "master"
  digest = "1:505dbee0833715a72a529bb57c354826ad42a4496fad787fa143699b4de1a6d0"
  name = "golang.org/x/net"
  packages = [
    "context",
    "http/httpguts",
    "http2",
    "http2/hpack",
    "idna",
    "internal/timeseries",
    "trace",
  ]
  pruneopts = "UT"
  revision = "49bb7cea24b1df9410e1712aa6433dae904ff66a"

[[projects]]
  branch = "release-branch.go1.11"
  digest = "1:33a43cb31975899cfcd81600d1390467db1778ae87102f80668a753fed8c663e"
  name = "golang.org/x/sys"
  packages = ["unix"]
  pruneopts = "UT"
  revision = "98c5dad5d1a0e8a73845ecc8897d0bd56586511d"

[[projects]]
  digest = "1:a2ab62866c75542dd18d2b069fec854577a20211d7c0ea6ae746072a1dccdd18"
  name = "golang.org/x/text"
  packages = [
    "collate",
    "collate/build",
    "internal/colltab",
    "internal/gen",
    "internal/tag",
    "internal/triegen",
    "internal/ucd",
    "language",
    "secure/bidirule",
    "transform",
    "unicode/bidi",
    "unicode/cldr",
    "unicode/norm",
    "unicode/rangetable",
  ]
  pruneopts = "UT"
  revision = "f21a4dfb5e38f5895301dc265a8def02365cc3d0"
  version = "v0.3.0"

[[projects]]
  branch = "jba-regen"
  digest = "1:56b0bca90b7e5d1facf5fbdacba23e4e0ce069d25381b8e2f70ef1e7ebfb9c1a"
  name = "google.golang.org/genproto"
  packages = ["googleapis/rpc/status"]
  pruneopts = "UT"
  revision = "42f80515abfed431577ebeded4ab86390ce0a5cd"

[[projects]]
  digest = "1:ab8e92d746fb5c4c18846b0879842ac8e53b3d352449423d0924a11f1020ae1b"
  name = "google.golang.org/grpc"
  packages = [
    ".",
    "balancer",
    "balancer/base",
    "balancer/roundrobin",
    "codes",
    "connectivity",
    "credentials",
    "encoding",
    "encoding/proto",
    "grpclog",
    "internal",
    "internal/backoff",
    "internal/channelz",
    "internal/envconfig",
    "internal/grpcrand",
    "internal/transport",
    "keepalive",
    "metadata",
    "naming",
    "peer",
    "resolver",
    "resolver/dns",
    "resolver/passthrough",
    "stats",
    "status",
    "tap",
  ]
  pruneopts = "UT"
  revision = "8dea3dc473e90c8179e519d91302d0597c0ca1d1"
  version = "v1.15.0"

[[projects]]
  branch = "release-1.10"
  digest = "1:13cfc14647cc1b1d2dcd844355b3ec29540d0209e4742c3dca92e69f2e1ac397"
  name = "k8s.io/apimachinery"
  packages = ["pkg/util/sets"]
  pruneopts = "UT"
  revision = "e386b2658ed20923da8cc9250e552f082899a1ee"

[[projects]]
  digest = "1:54f05d2b09982c6ce153e2157eef013d98133cfea437a992a1a40d702a8770e4"
  name = "k8s.io/kubernetes"
  packages = [
    "pkg/util/file",
    "pkg/util/io",
    "pkg/util/mount",
    "pkg/util/nsenter",
  ]
  pruneopts = "UT"
  revision = "4ed3216f3ec431b140b1d899130a69fc671678f4"
  version = "v1.12.1"

[[projects]]
  digest = "1:867d98a27033c52150eb4c01ca0f9be938d3010e9a4909ea3a881a83c3ac1b3f"
  name = "k8s.io/utils"
  packages = ["exec"]
  pruneopts = "UT"
  revision = "66066c83e385e385ccc3c964b44fd7dcd413d0ed"

[solve-meta]
  analyzer-name = "dep"
  analyzer-version = 1
  input-imports = [
    "github.com/container-storage-interface/spec/lib/go/csi/v0",
    "github.com/golang/glog",
    "github.com/pborman/uuid",
    "github.ibm.com/FSaaS/FSaaS/k8storage/csi/pkg/gpfs",
    "github.ibm.com/FSaaS/FSaaS/k8storage/pkg/gpfs",
    "golang.org/x/net/context",
    "google.golang.org/grpc",
    "google.golang.org/grpc/codes",
    "google.golang.org/grpc/status",
    "k8s.io/kubernetes/pkg/util/mount",
  ]
  solver-name = "gps-cdcl"
  solver-version = 1
